
Microsoft Visual Studio Solution File, Format Version 12.00
# Visual Studio Version 16
VisualStudioVersion = 16.0.30503.244
MinimumVisualStudioVersion = 10.0.40219.1
Project("{9A19103F-16F7-4668-BE54-9A1E7A4F7556}") = "2.2", "2.2\2.2.csproj", "{129D1156-06E8-42CE-8985-21C2961A2D8C}"
EndProject
Project("{9A19103F-16F7-4668-BE54-9A1E7A4F7556}") = "2.3", "2.3\2.3.csproj", "{8C02C4BC-CA68-47F1-83F9-52B336106D14}"
EndProject
Project("{9A19103F-16F7-4668-BE54-9A1E7A4F7556}") = "2.4", "2.4\2.4.csproj", "{3617D7FE-9F95-4A90-8B85-7716755A58E8}"
EndProject
Project("{9A19103F-16F7-4668-BE54-9A1E7A4F7556}") = "2.1", "2.1\2.1.csproj", "{00DA4566-53CB-4FF1-8005-09AA7273C26B}"
EndProject
Global
	GlobalSection(SolutionConfigurationPlatforms) = preSolution
		Debug|Any CPU = Debug|Any CPU
		Release|Any CPU = Release|Any CPU
	EndGlobalSection
	GlobalSection(ProjectConfigurationPlatforms) = postSolution
		{129D1156-06E8-42CE-8985-21C2961A2D8C}.Debug|Any CPU.ActiveCfg = Debug|Any CPU
		{129D1156-06E8-42CE-8985-21C2961A2D8C}.Debug|Any CPU.Build.0 = Debug|Any CPU
		{129D1156-06E8-42CE-8985-21C2961A2D8C}.Release|Any CPU.ActiveCfg = Release|Any CPU
		{129D1156-06E8-42CE-8985-21C2961A2D8C}.Release|Any CPU.Build.0 = Release|Any CPU
		{8C02C4BC-CA68-47F1-83F9-52B336106D14}.Debug|Any CPU.ActiveCfg = Debug|Any CPU
		{8C02C4BC-CA68-47F1-83F9-52B336106D14}.Debug|Any CPU.Build.0 = Debug|Any CPU
		{8C02C4BC-CA68-47F1-83F9-52B336106D14}.Release|Any CPU.ActiveCfg = Release|Any CPU
		{8C02C4BC-CA68-47F1-83F9-52B336106D14}.Release|Any CPU.Build.0 = Release|Any CPU
		{3617D7FE-9F95-4A90-8B85-7716755A58E8}.Debug|Any CPU.ActiveCfg = Debug|Any CPU
		{3617D7FE-9F95-4A90-8B85-7716755A58E8}.Debug|Any CPU.Build.0 = Debug|Any CPU
		{3617D7FE-9F95-4A90-8B85-7716755A58E8}.Release|Any CPU.ActiveCfg = Release|Any CPU
		{3617D7FE-9F95-4A90-8B85-7716755A58E8}.Release|Any CPU.Build.0 = Release|Any CPU
		{00DA4566-53CB-4FF1-8005-09AA7273C26B}.Debug|Any CPU.ActiveCfg = Debug|Any CPU
		{00DA4566-53CB-4FF1-8005-09AA7273C26B}.Debug|Any CPU.Build.0 = Debug|Any CPU
		{00DA4566-53CB-4FF1-8005-09AA7273C26B}.Release|Any CPU.ActiveCfg = Release|Any CPU
		{00DA4566-53CB-4FF1-8005-09AA7273C26B}.Release|Any CPU.Build.0 = Release|Any CPU
	EndGlobalSection
	GlobalSection(SolutionProperties) = preSolution
		HideSolutionNode = FALSE
	EndGlobalSection
	GlobalSection(ExtensibilityGlobals) = postSolution
		SolutionGuid = {BC875A20-B07B-403A-9A7F-38BE6A048C80}
	EndGlobalSection
EndGlobal
