
Microsoft Visual Studio Solution File, Format Version 12.00
# Visual Studio Version 16
VisualStudioVersion = 16.0.30503.244
MinimumVisualStudioVersion = 10.0.40219.1
Project("{9A19103F-16F7-4668-BE54-9A1E7A4F7556}") = "1.1", "1.1\1.1.csproj", "{5A2765C2-5E54-4036-8599-152EC9E18B28}"
EndProject
Project("{9A19103F-16F7-4668-BE54-9A1E7A4F7556}") = "1.2", "1.2\1.2.csproj", "{E418CF33-7C1A-4313-A2D0-BFF72B33A2CB}"
EndProject
Project("{9A19103F-16F7-4668-BE54-9A1E7A4F7556}") = "1.4", "1.4\1.4.csproj", "{7645DC09-90D0-4768-A028-BB8B667C06AE}"
EndProject
Project("{FAE04EC0-301F-11D3-BF4B-00C04F79EFBC}") = "1.3", "1.3\1.3.csproj", "{4B78DB87-0FA7-4B67-B8FE-A5EDB2C29771}"
EndProject
Global
	GlobalSection(SolutionConfigurationPlatforms) = preSolution
		Debug|Any CPU = Debug|Any CPU
		Release|Any CPU = Release|Any CPU
	EndGlobalSection
	GlobalSection(ProjectConfigurationPlatforms) = postSolution
		{5A2765C2-5E54-4036-8599-152EC9E18B28}.Debug|Any CPU.ActiveCfg = Debug|Any CPU
		{5A2765C2-5E54-4036-8599-152EC9E18B28}.Debug|Any CPU.Build.0 = Debug|Any CPU
		{5A2765C2-5E54-4036-8599-152EC9E18B28}.Release|Any CPU.ActiveCfg = Release|Any CPU
		{5A2765C2-5E54-4036-8599-152EC9E18B28}.Release|Any CPU.Build.0 = Release|Any CPU
		{E418CF33-7C1A-4313-A2D0-BFF72B33A2CB}.Debug|Any CPU.ActiveCfg = Debug|Any CPU
		{E418CF33-7C1A-4313-A2D0-BFF72B33A2CB}.Debug|Any CPU.Build.0 = Debug|Any CPU
		{E418CF33-7C1A-4313-A2D0-BFF72B33A2CB}.Release|Any CPU.ActiveCfg = Release|Any CPU
		{E418CF33-7C1A-4313-A2D0-BFF72B33A2CB}.Release|Any CPU.Build.0 = Release|Any CPU
		{7645DC09-90D0-4768-A028-BB8B667C06AE}.Debug|Any CPU.ActiveCfg = Debug|Any CPU
		{7645DC09-90D0-4768-A028-BB8B667C06AE}.Debug|Any CPU.Build.0 = Debug|Any CPU
		{7645DC09-90D0-4768-A028-BB8B667C06AE}.Release|Any CPU.ActiveCfg = Release|Any CPU
		{7645DC09-90D0-4768-A028-BB8B667C06AE}.Release|Any CPU.Build.0 = Release|Any CPU
		{4B78DB87-0FA7-4B67-B8FE-A5EDB2C29771}.Debug|Any CPU.ActiveCfg = Debug|Any CPU
		{4B78DB87-0FA7-4B67-B8FE-A5EDB2C29771}.Debug|Any CPU.Build.0 = Debug|Any CPU
		{4B78DB87-0FA7-4B67-B8FE-A5EDB2C29771}.Release|Any CPU.ActiveCfg = Release|Any CPU
		{4B78DB87-0FA7-4B67-B8FE-A5EDB2C29771}.Release|Any CPU.Build.0 = Release|Any CPU
	EndGlobalSection
	GlobalSection(SolutionProperties) = preSolution
		HideSolutionNode = FALSE
	EndGlobalSection
	GlobalSection(ExtensibilityGlobals) = postSolution
		SolutionGuid = {7FA8E430-15F4-44AF-B37C-2144FEF72CBE}
	EndGlobalSection
EndGlobal
